# THIS IS AN AUTOGENERATED FILE. DO NOT EDIT THIS FILE DIRECTLY.
# yarn lockfile v1


adbkit-logcat@^1.1.0:
  version "1.1.0"
  resolved "https://registry.yarnpkg.com/adbkit-logcat/-/adbkit-logcat-1.1.0.tgz#01d7f9b0cef9093a30bcb3b007efff301508962f"
  integrity sha512-57iYRLdjmhI1fnc890KyflzWpnIb/aq5ET3fbn3axdyyeyKeP4Ji/GhnfBNguG1Tw7SQRL2eBnA+hvbwIsTtNg==

adbkit-monkey@~1.0.1:
  version "1.0.1"
  resolved "https://registry.yarnpkg.com/adbkit-monkey/-/adbkit-monkey-1.0.1.tgz#f291be701a2efc567a63fc7aa6afcded31430be1"
  integrity sha512-uU8p+p4sv7gLsjO/At4iPufoPD3R16kVbzDVecdIerR9RzhEK6PcyAJghdOXwrYKbhm7SmPQWsxVRloDBMINDA==
  dependencies:
    async "~0.2.9"

adbkit@^2.12.1:
  version "2.11.1"
  resolved "https://registry.yarnpkg.com/adbkit/-/adbkit-2.11.1.tgz#7da847fe561254f3121088947bc1907ef053e894"
  integrity sha512-hDTiRg9NX3HQt7WoDAPCplUpvzr4ZzQa2lq7BdTTJ/iOZ6O7YNAs6UYD8sFAiBEcYHDRIyq3cm9sZP6uZnhvXw==
  dependencies:
    adbkit-logcat "^1.1.0"
    adbkit-monkey "~1.0.1"
    bluebird "~2.9.24"
    commander "^2.3.0"
    debug "~2.6.3"
    node-forge "^0.7.1"
    split "~0.3.3"

async@~0.2.9:
  version "0.2.10"
  resolved "https://registry.yarnpkg.com/async/-/async-0.2.10.tgz#b6bbe0b0674b9d719708ca38de8c237cb526c3d1"
  integrity sha512-eAkdoKxU6/LkKDBzLpT+t6Ff5EtfSF4wx1WfJiPEEV7WNLnDaRXk0oVysiEPm262roaachGexwUv94WhSgN5TQ==

bluebird@~2.9.24:
  version "2.9.34"
  resolved "https://registry.yarnpkg.com/bluebird/-/bluebird-2.9.34.tgz#2f7b4ec80216328a9fddebdf69c8d4942feff7d8"
  integrity sha512-ZDzCb87X7/IP1uzQ5eJZB+WoQRGTnKL5DHWvPw6kkMbQseouiQIrEi3P1UGE0D1k0N5/+aP/5GMCyHZ1xYJyHQ==

commander@^2.3.0:
  version "2.20.3"
  resolved "https://registry.yarnpkg.com/commander/-/commander-2.20.3.tgz#fd485e84c03eb4881c20722ba48035e8531aeb33"
  integrity sha512-GpVkmM8vF2vQUkj2LvZmD35JxeJOLCwJ9cUkugyk2nuhbv3+mJvpLYYt+0+USMxE+oj+ey/lJEnhZw75x/OMcQ==

debug@~2.6.3:
  version "2.6.9"
  resolved "https://registry.yarnpkg.com/debug/-/debug-2.6.9.tgz#5d128515df134ff327e90a4c93f4e077a536341f"
  integrity sha512-bC7ElrdJaJnPbAP+1EotYvqZsb3ecl5wi6Bfi6BJTUcNowp6cvspg0jXznRTKDjm/E7AdgFBVeAPVMNcKGsHMA==
  dependencies:
    ms "2.0.0"

ms@2.0.0:
  version "2.0.0"
  resolved "https://registry.yarnpkg.com/ms/-/ms-2.0.0.tgz#5608aeadfc00be6c2901df5f9861788de0d597c8"
  integrity sha512-Tpp60P6IUJDTuOq/5Z8cdskzJujfwqfOTkrwIwj7IRISpnkJnT6SyJ4PCPnGMoFjC9ddhal5KVIYtAt97ix05A==

node-forge@^0.7.1:
  version "0.7.6"
  resolved "https://registry.yarnpkg.com/node-forge/-/node-forge-0.7.6.tgz#fdf3b418aee1f94f0ef642cd63486c77ca9724ac"
  integrity sha512-sol30LUpz1jQFBjOKwbjxijiE3b6pjd74YwfD0fJOKPjF+fONKb2Yg8rYgS6+bK6VDl+/wfr4IYpC7jDzLUIfw==

readline-sync@^1.4.10:
  version "1.4.10"
  resolved "https://registry.yarnpkg.com/readline-sync/-/readline-sync-1.4.10.tgz#41df7fbb4b6312d673011594145705bf56d8873b"
  integrity sha512-gNva8/6UAe8QYepIQH/jQ2qn91Qj0B9sYjMBBs3QOB8F2CXcKgLxQaJRP76sWVRQt+QU+8fAkCbCvjjMFu7Ycw==

split@~0.3.3:
  version "0.3.3"
  resolved "https://registry.yarnpkg.com/split/-/split-0.3.3.tgz#cd0eea5e63a211dfff7eb0f091c4133e2d0dd28f"
  integrity sha512-wD2AeVmxXRBoX44wAycgjVpMhvbwdI2aZjCkvfNcH1YqHQvJVa1duWc73OyVGJUc05fhFaTZeQ/PYsrmyH0JVA==
  dependencies:
    through "2"

through@2:
  version "2.3.8"
  resolved "https://registry.yarnpkg.com/through/-/through-2.3.8.tgz#0dd4c9ffaabc357960b1b724115d7e0e86a2e1f5"
  integrity sha512-w89qg7PI8wAdvX60bMDP+bFoD5Dvhm9oLheFp5O4a2QF0cSBGsBX4qZmadPMvVqlLJBBci+WqGGOAPvcDeNSVg==
